
Microsoft Visual Studio Solution File, Format Version 12.00
# Visual Studio Version 16
VisualStudioVersion = 16.0.29409.12
MinimumVisualStudioVersion = 10.0.40219.1
Project("{9A19103F-16F7-4668-BE54-9A1E7A4F7556}") = "Afsw.Command", "src\Afsw.Command\Afsw.Command.csproj", "{64E673FC-B7FC-4DC6-817F-693578D951FE}"
EndProject
Project("{2150E333-8FDC-42A3-9474-1A3956D46DE8}") = "src", "src", "{E6A98B45-B0C0-4EB3-940F-0D8359726BE2}"
EndProject
Project("{FAE04EC0-301F-11D3-BF4B-00C04F79EFBC}") = "Afsw.AdminTool", "src\Afsw.AdminTool\Afsw.AdminTool.csproj", "{C8D05383-32C6-4EC5-947B-7066C0F68B81}"
EndProject
Project("{FAE04EC0-301F-11D3-BF4B-00C04F79EFBC}") = "Afsw.Types", "src\Afsw.Types\Afsw.Types.csproj", "{495094F4-C311-461F-9E0B-10F37ADA710A}"
EndProject
Global
	GlobalSection(SolutionConfigurationPlatforms) = preSolution
		Debug|Any CPU = Debug|Any CPU
		Release|Any CPU = Release|Any CPU
	EndGlobalSection
	GlobalSection(ProjectConfigurationPlatforms) = postSolution
		{64E673FC-B7FC-4DC6-817F-693578D951FE}.Debug|Any CPU.ActiveCfg = Debug|Any CPU
		{64E673FC-B7FC-4DC6-817F-693578D951FE}.Debug|Any CPU.Build.0 = Debug|Any CPU
		{64E673FC-B7FC-4DC6-817F-693578D951FE}.Release|Any CPU.ActiveCfg = Release|Any CPU
		{64E673FC-B7FC-4DC6-817F-693578D951FE}.Release|Any CPU.Build.0 = Release|Any CPU
		{C8D05383-32C6-4EC5-947B-7066C0F68B81}.Debug|Any CPU.ActiveCfg = Debug|Any CPU
		{C8D05383-32C6-4EC5-947B-7066C0F68B81}.Debug|Any CPU.Build.0 = Debug|Any CPU
		{C8D05383-32C6-4EC5-947B-7066C0F68B81}.Release|Any CPU.ActiveCfg = Release|Any CPU
		{C8D05383-32C6-4EC5-947B-7066C0F68B81}.Release|Any CPU.Build.0 = Release|Any CPU
		{495094F4-C311-461F-9E0B-10F37ADA710A}.Debug|Any CPU.ActiveCfg = Debug|Any CPU
		{495094F4-C311-461F-9E0B-10F37ADA710A}.Debug|Any CPU.Build.0 = Debug|Any CPU
		{495094F4-C311-461F-9E0B-10F37ADA710A}.Release|Any CPU.ActiveCfg = Release|Any CPU
		{495094F4-C311-461F-9E0B-10F37ADA710A}.Release|Any CPU.Build.0 = Release|Any CPU
	EndGlobalSection
	GlobalSection(SolutionProperties) = preSolution
		HideSolutionNode = FALSE
	EndGlobalSection
	GlobalSection(NestedProjects) = preSolution
		{64E673FC-B7FC-4DC6-817F-693578D951FE} = {E6A98B45-B0C0-4EB3-940F-0D8359726BE2}
		{C8D05383-32C6-4EC5-947B-7066C0F68B81} = {E6A98B45-B0C0-4EB3-940F-0D8359726BE2}
		{495094F4-C311-461F-9E0B-10F37ADA710A} = {E6A98B45-B0C0-4EB3-940F-0D8359726BE2}
	EndGlobalSection
	GlobalSection(ExtensibilityGlobals) = postSolution
		SolutionGuid = {CF94BA02-2856-48AF-97F8-AE3B0A99E6B6}
	EndGlobalSection
EndGlobal
